
Microsoft Visual Studio Solution File, Format Version 12.00
# Visual Studio 14
VisualStudioVersion = 14.0.25420.1
MinimumVisualStudioVersion = 10.0.40219.1
Project("{FAE04EC0-301F-11D3-BF4B-00C04F79EFBC}") = "UserLib", "UserLib\UserLib.csproj", "{A16BD653-34E2-4FBE-ADF0-0D21E9B0ECB2}"
EndProject
Project("{FAE04EC0-301F-11D3-BF4B-00C04F79EFBC}") = "UserLibTest", "UserLibTest\UserLibTest.csproj", "{5B7B4582-AE30-4DA2-9ADA-9E53A12462D7}"
EndProject
Project("{FAE04EC0-301F-11D3-BF4B-00C04F79EFBC}") = "User.UI", "User.UI\User.UI.csproj", "{41E801C3-5C4F-4546-BEDA-D3E9E4F87995}"
EndProject
Project("{FAE04EC0-301F-11D3-BF4B-00C04F79EFBC}") = "User.UI.Logic", "User.UI.Logic\User.UI.Logic.csproj", "{190C1D8E-6931-4DFD-A97A-9C5E90DF0979}"
EndProject
Project("{FAE04EC0-301F-11D3-BF4B-00C04F79EFBC}") = "Common", "C:\CANEA.NET\Framework\Dev\Common\Common\Common.csproj", "{03123531-8728-4152-9809-1C9B72078538}"
EndProject
Project("{FAE04EC0-301F-11D3-BF4B-00C04F79EFBC}") = "Common.UI", "C:\CANEA.NET\Framework\Dev\Common\Common.UI\Common.UI.csproj", "{7B3732F8-E5C1-4D27-8B1B-05992F229F65}"
EndProject
Project("{FAE04EC0-301F-11D3-BF4B-00C04F79EFBC}") = "Common.UI.WebForms", "C:\CANEA.NET\Framework\Dev\Common\Common.UI.WebForms\Common.UI.WebForms.csproj", "{5F074363-B4E9-4B0A-9D37-1A29857C5459}"
EndProject
Project("{FAE04EC0-301F-11D3-BF4B-00C04F79EFBC}") = "Common.Portable", "C:\CANEA.NET\Framework\Dev\Common\Common.Portable\Common.Portable.csproj", "{7610665B-4C04-4EC2-8444-603BC1AEFBA8}"
EndProject
Project("{FAE04EC0-301F-11D3-BF4B-00C04F79EFBC}") = "Common.L10n", "C:\CANEA.NET\Framework\Dev\Common\Common.L10n\Common.L10n.csproj", "{B88B9779-1DF3-494D-B318-9DE30286B8E1}"
EndProject
Global
	GlobalSection(SolutionConfigurationPlatforms) = preSolution
		Debug|Any CPU = Debug|Any CPU
		Release|Any CPU = Release|Any CPU
	EndGlobalSection
	GlobalSection(ProjectConfigurationPlatforms) = postSolution
		{A16BD653-34E2-4FBE-ADF0-0D21E9B0ECB2}.Debug|Any CPU.ActiveCfg = Debug|Any CPU
		{A16BD653-34E2-4FBE-ADF0-0D21E9B0ECB2}.Debug|Any CPU.Build.0 = Debug|Any CPU
		{A16BD653-34E2-4FBE-ADF0-0D21E9B0ECB2}.Release|Any CPU.ActiveCfg = Release|Any CPU
		{A16BD653-34E2-4FBE-ADF0-0D21E9B0ECB2}.Release|Any CPU.Build.0 = Release|Any CPU
		{5B7B4582-AE30-4DA2-9ADA-9E53A12462D7}.Debug|Any CPU.ActiveCfg = Debug|Any CPU
		{5B7B4582-AE30-4DA2-9ADA-9E53A12462D7}.Debug|Any CPU.Build.0 = Debug|Any CPU
		{5B7B4582-AE30-4DA2-9ADA-9E53A12462D7}.Release|Any CPU.ActiveCfg = Release|Any CPU
		{5B7B4582-AE30-4DA2-9ADA-9E53A12462D7}.Release|Any CPU.Build.0 = Release|Any CPU
		{41E801C3-5C4F-4546-BEDA-D3E9E4F87995}.Debug|Any CPU.ActiveCfg = Debug|Any CPU
		{41E801C3-5C4F-4546-BEDA-D3E9E4F87995}.Debug|Any CPU.Build.0 = Debug|Any CPU
		{41E801C3-5C4F-4546-BEDA-D3E9E4F87995}.Release|Any CPU.ActiveCfg = Release|Any CPU
		{41E801C3-5C4F-4546-BEDA-D3E9E4F87995}.Release|Any CPU.Build.0 = Release|Any CPU
		{190C1D8E-6931-4DFD-A97A-9C5E90DF0979}.Debug|Any CPU.ActiveCfg = Debug|Any CPU
		{190C1D8E-6931-4DFD-A97A-9C5E90DF0979}.Debug|Any CPU.Build.0 = Debug|Any CPU
		{190C1D8E-6931-4DFD-A97A-9C5E90DF0979}.Release|Any CPU.ActiveCfg = Release|Any CPU
		{190C1D8E-6931-4DFD-A97A-9C5E90DF0979}.Release|Any CPU.Build.0 = Release|Any CPU
		{03123531-8728-4152-9809-1C9B72078538}.Debug|Any CPU.ActiveCfg = Debug|Any CPU
		{03123531-8728-4152-9809-1C9B72078538}.Debug|Any CPU.Build.0 = Debug|Any CPU
		{03123531-8728-4152-9809-1C9B72078538}.Release|Any CPU.ActiveCfg = Release|Any CPU
		{03123531-8728-4152-9809-1C9B72078538}.Release|Any CPU.Build.0 = Release|Any CPU
		{7B3732F8-E5C1-4D27-8B1B-05992F229F65}.Debug|Any CPU.ActiveCfg = Debug|Any CPU
		{7B3732F8-E5C1-4D27-8B1B-05992F229F65}.Debug|Any CPU.Build.0 = Debug|Any CPU
		{7B3732F8-E5C1-4D27-8B1B-05992F229F65}.Release|Any CPU.ActiveCfg = Release|Any CPU
		{7B3732F8-E5C1-4D27-8B1B-05992F229F65}.Release|Any CPU.Build.0 = Release|Any CPU
		{5F074363-B4E9-4B0A-9D37-1A29857C5459}.Debug|Any CPU.ActiveCfg = Debug|Any CPU
		{5F074363-B4E9-4B0A-9D37-1A29857C5459}.Debug|Any CPU.Build.0 = Debug|Any CPU
		{5F074363-B4E9-4B0A-9D37-1A29857C5459}.Release|Any CPU.ActiveCfg = Release|Any CPU
		{5F074363-B4E9-4B0A-9D37-1A29857C5459}.Release|Any CPU.Build.0 = Release|Any CPU
		{7610665B-4C04-4EC2-8444-603BC1AEFBA8}.Debug|Any CPU.ActiveCfg = Debug|Any CPU
		{7610665B-4C04-4EC2-8444-603BC1AEFBA8}.Debug|Any CPU.Build.0 = Debug|Any CPU
		{7610665B-4C04-4EC2-8444-603BC1AEFBA8}.Release|Any CPU.ActiveCfg = Release|Any CPU
		{7610665B-4C04-4EC2-8444-603BC1AEFBA8}.Release|Any CPU.Build.0 = Release|Any CPU
		{B88B9779-1DF3-494D-B318-9DE30286B8E1}.Debug|Any CPU.ActiveCfg = Debug|Any CPU
		{B88B9779-1DF3-494D-B318-9DE30286B8E1}.Debug|Any CPU.Build.0 = Debug|Any CPU
		{B88B9779-1DF3-494D-B318-9DE30286B8E1}.Release|Any CPU.ActiveCfg = Release|Any CPU
		{B88B9779-1DF3-494D-B318-9DE30286B8E1}.Release|Any CPU.Build.0 = Release|Any CPU
	EndGlobalSection
	GlobalSection(SolutionProperties) = preSolution
		HideSolutionNode = FALSE
	EndGlobalSection
EndGlobal
